# This file is autogenerated, do not edit; changes may be undone by the next 'dep ensure'.


[[projects]]
  digest = "1:a64bb09fa7a8be2c9a9e3733908d97c1b34573a727d9068568850e1ced9319e9"
  name = "github.com/ethereum/go-ethereum"
  packages = ["common/hexutil"]
  pruneopts = "UT"
  revision = "89451f7c382ad2185987ee369f16416f89c28a7d"
  version = "v1.8.15"

[solve-meta]
  analyzer-name = "dep"
  analyzer-version = 1
  input-imports = ["github.com/ethereum/go-ethereum/common/hexutil"]
  solver-name = "gps-cdcl"
  solver-version = 1
